
Microsoft Visual Studio Solution File, Format Version 12.00
# Visual Studio 15
Project("{FAE04EC0-301F-11D3-BF4B-00C04F79EFBC}") = "Assembly-CSharp-firstpass", "Assembly-CSharp-firstpass.csproj", "{A385084E-B0FA-0871-DE43-C3017D759E2B}"
EndProject
Project("{FAE04EC0-301F-11D3-BF4B-00C04F79EFBC}") = "Assembly-CSharp", "Assembly-CSharp.csproj", "{2DC91B19-A573-4867-FA03-1F6131FBBCE8}"
EndProject
Project("{FAE04EC0-301F-11D3-BF4B-00C04F79EFBC}") = "Assembly-CSharp-Editor-firstpass", "Assembly-CSharp-Editor-firstpass.csproj", "{A1E16AFD-A196-580C-0A27-1B70AF0DB29C}"
EndProject
Project("{FAE04EC0-301F-11D3-BF4B-00C04F79EFBC}") = "Assembly-CSharp-Editor", "Assembly-CSharp-Editor.csproj", "{BDB28B8A-95D5-A2A5-1674-6F862A045E06}"
EndProject
Project("{FAE04EC0-301F-11D3-BF4B-00C04F79EFBC}") = "Sirenix.OdinInspector.CompatibilityLayer", "Sirenix.OdinInspector.CompatibilityLayer.csproj", "{920323A4-FD4B-3C3E-B6C0-E1BECCA79D72}"
EndProject
Project("{FAE04EC0-301F-11D3-BF4B-00C04F79EFBC}") = "Sirenix.OdinInspector.CompatibilityLayer.Editor", "Sirenix.OdinInspector.CompatibilityLayer.Editor.csproj", "{C4A3250C-CD70-72B7-9E09-359691FFB744}"
EndProject
Global
	GlobalSection(SolutionConfigurationPlatforms) = preSolution
		Debug|Any CPU = Debug|Any CPU
		Release|Any CPU = Release|Any CPU
	EndGlobalSection
	GlobalSection(ProjectConfigurationPlatforms) = postSolution
		{A385084E-B0FA-0871-DE43-C3017D759E2B}.Debug|Any CPU.ActiveCfg = Debug|Any CPU
		{A385084E-B0FA-0871-DE43-C3017D759E2B}.Debug|Any CPU.Build.0 = Debug|Any CPU
		{A385084E-B0FA-0871-DE43-C3017D759E2B}.Release|Any CPU.ActiveCfg = Release|Any CPU
		{A385084E-B0FA-0871-DE43-C3017D759E2B}.Release|Any CPU.Build.0 = Release|Any CPU
		{2DC91B19-A573-4867-FA03-1F6131FBBCE8}.Debug|Any CPU.ActiveCfg = Debug|Any CPU
		{2DC91B19-A573-4867-FA03-1F6131FBBCE8}.Debug|Any CPU.Build.0 = Debug|Any CPU
		{2DC91B19-A573-4867-FA03-1F6131FBBCE8}.Release|Any CPU.ActiveCfg = Release|Any CPU
		{2DC91B19-A573-4867-FA03-1F6131FBBCE8}.Release|Any CPU.Build.0 = Release|Any CPU
		{A1E16AFD-A196-580C-0A27-1B70AF0DB29C}.Debug|Any CPU.ActiveCfg = Debug|Any CPU
		{A1E16AFD-A196-580C-0A27-1B70AF0DB29C}.Debug|Any CPU.Build.0 = Debug|Any CPU
		{A1E16AFD-A196-580C-0A27-1B70AF0DB29C}.Release|Any CPU.ActiveCfg = Release|Any CPU
		{A1E16AFD-A196-580C-0A27-1B70AF0DB29C}.Release|Any CPU.Build.0 = Release|Any CPU
		{BDB28B8A-95D5-A2A5-1674-6F862A045E06}.Debug|Any CPU.ActiveCfg = Debug|Any CPU
		{BDB28B8A-95D5-A2A5-1674-6F862A045E06}.Debug|Any CPU.Build.0 = Debug|Any CPU
		{BDB28B8A-95D5-A2A5-1674-6F862A045E06}.Release|Any CPU.ActiveCfg = Release|Any CPU
		{BDB28B8A-95D5-A2A5-1674-6F862A045E06}.Release|Any CPU.Build.0 = Release|Any CPU
		{920323A4-FD4B-3C3E-B6C0-E1BECCA79D72}.Debug|Any CPU.ActiveCfg = Debug|Any CPU
		{920323A4-FD4B-3C3E-B6C0-E1BECCA79D72}.Debug|Any CPU.Build.0 = Debug|Any CPU
		{920323A4-FD4B-3C3E-B6C0-E1BECCA79D72}.Release|Any CPU.ActiveCfg = Release|Any CPU
		{920323A4-FD4B-3C3E-B6C0-E1BECCA79D72}.Release|Any CPU.Build.0 = Release|Any CPU
		{C4A3250C-CD70-72B7-9E09-359691FFB744}.Debug|Any CPU.ActiveCfg = Debug|Any CPU
		{C4A3250C-CD70-72B7-9E09-359691FFB744}.Debug|Any CPU.Build.0 = Debug|Any CPU
		{C4A3250C-CD70-72B7-9E09-359691FFB744}.Release|Any CPU.ActiveCfg = Release|Any CPU
		{C4A3250C-CD70-72B7-9E09-359691FFB744}.Release|Any CPU.Build.0 = Release|Any CPU
	EndGlobalSection
	GlobalSection(SolutionProperties) = preSolution
		HideSolutionNode = FALSE
	EndGlobalSection
EndGlobal
